// !$*UTF8*$!
{
	archiveVersion = 1;
	classes = {
	};
	objectVersion = 55;
	objects = {

/* Begin PBXBuildFile section */
		1E180DEF276AF81400E22F44 /* AppDelegate.swift in Sources */ = {isa = PBXBuildFile; fileRef = 1E180DEE276AF81400E22F44 /* AppDelegate.swift */; };
		1E180DF1276AF81400E22F44 /* SceneDelegate.swift in Sources */ = {isa = PBXBuildFile; fileRef = 1E180DF0276AF81400E22F44 /* SceneDelegate.swift */; };
		1E180DF3276AF81400E22F44 /* FirstViewController.swift in Sources */ = {isa = PBXBuildFile; fileRef = 1E180DF2276AF81400E22F44 /* FirstViewController.swift */; };
		1E180DF9276AF81400E22F44 /* StaffOrganizer.xcdatamodeld in Sources */ = {isa = PBXBuildFile; fileRef = 1E180DF7276AF81400E22F44 /* StaffOrganizer.xcdatamodeld */; };
		1E180DFB276AF81E00E22F44 /* Assets.xcassets in Resources */ = {isa = PBXBuildFile; fileRef = 1E180DFA276AF81E00E22F44 /* Assets.xcassets */; };
		1E180DFE276AF81E00E22F44 /* LaunchScreen.storyboard in Resources */ = {isa = PBXBuildFile; fileRef = 1E180DFC276AF81E00E22F44 /* LaunchScreen.storyboard */; };
		1E180E07276B037100E22F44 /* FirstView.swift in Sources */ = {isa = PBXBuildFile; fileRef = 1E180E06276B037100E22F44 /* FirstView.swift */; };
		1E180E0B276B03D800E22F44 /* StaffModel.swift in Sources */ = {isa = PBXBuildFile; fileRef = 1E180E0A276B03D800E22F44 /* StaffModel.swift */; };
		1E180E0E276B05E600E22F44 /* IFirstView.swift in Sources */ = {isa = PBXBuildFile; fileRef = 1E180E0D276B05E600E22F44 /* IFirstView.swift */; };
		1E180E10276B060D00E22F44 /* IFirstViewController.swift in Sources */ = {isa = PBXBuildFile; fileRef = 1E180E0F276B060D00E22F44 /* IFirstViewController.swift */; };
		1E180E12276B065600E22F44 /* IStaffModel.swift in Sources */ = {isa = PBXBuildFile; fileRef = 1E180E11276B065600E22F44 /* IStaffModel.swift */; };
		1E180E14276B163600E22F44 /* CompanyTableViewCell.swift in Sources */ = {isa = PBXBuildFile; fileRef = 1E180E13276B163600E22F44 /* CompanyTableViewCell.swift */; };
		1E6A9342276CA9C300112F2C /* SecondViewController.swift in Sources */ = {isa = PBXBuildFile; fileRef = 1E6A9341276CA9C300112F2C /* SecondViewController.swift */; };
		1E6A9346276CAA4900112F2C /* ISecondViewController.swift in Sources */ = {isa = PBXBuildFile; fileRef = 1E6A9345276CAA4900112F2C /* ISecondViewController.swift */; };
		1E6A9348276CAAA700112F2C /* SecondView.swift in Sources */ = {isa = PBXBuildFile; fileRef = 1E6A9347276CAAA700112F2C /* SecondView.swift */; };
		1E6A934B276CAADE00112F2C /* ISecondView.swift in Sources */ = {isa = PBXBuildFile; fileRef = 1E6A934A276CAADE00112F2C /* ISecondView.swift */; };
		1E6A934D276CAB4100112F2C /* EmployeeTableViewCell.swift in Sources */ = {isa = PBXBuildFile; fileRef = 1E6A934C276CAB4100112F2C /* EmployeeTableViewCell.swift */; };
/* End PBXBuildFile section */

/* Begin PBXFileReference section */
		1E180DEB276AF81400E22F44 /* StaffOrganizer.app */ = {isa = PBXFileReference; explicitFileType = wrapper.application; includeInIndex = 0; path = StaffOrganizer.app; sourceTree = BUILT_PRODUCTS_DIR; };
		1E180DEE276AF81400E22F44 /* AppDelegate.swift */ = {isa = PBXFileReference; lastKnownFileType = sourcecode.swift; path = AppDelegate.swift; sourceTree = "<group>"; };
		1E180DF0276AF81400E22F44 /* SceneDelegate.swift */ = {isa = PBXFileReference; lastKnownFileType = sourcecode.swift; path = SceneDelegate.swift; sourceTree = "<group>"; };
		1E180DF2276AF81400E22F44 /* FirstViewController.swift */ = {isa = PBXFileReference; lastKnownFileType = sourcecode.swift; path = FirstViewController.swift; sourceTree = "<group>"; };
		1E180DF8276AF81400E22F44 /* StaffOrganizer.xcdatamodel */ = {isa = PBXFileReference; lastKnownFileType = wrapper.xcdatamodel; path = StaffOrganizer.xcdatamodel; sourceTree = "<group>"; };
		1E180DFA276AF81E00E22F44 /* Assets.xcassets */ = {isa = PBXFileReference; lastKnownFileType = folder.assetcatalog; path = Assets.xcassets; sourceTree = "<group>"; };
		1E180DFD276AF81E00E22F44 /* Base */ = {isa = PBXFileReference; lastKnownFileType = file.storyboard; name = Base; path = Base.lproj/LaunchScreen.storyboard; sourceTree = "<group>"; };
		1E180DFF276AF81E00E22F44 /* Info.plist */ = {isa = PBXFileReference; lastKnownFileType = text.plist.xml; path = Info.plist; sourceTree = "<group>"; };
		1E180E06276B037100E22F44 /* FirstView.swift */ = {isa = PBXFileReference; lastKnownFileType = sourcecode.swift; path = FirstView.swift; sourceTree = "<group>"; };
		1E180E0A276B03D800E22F44 /* StaffModel.swift */ = {isa = PBXFileReference; lastKnownFileType = sourcecode.swift; path = StaffModel.swift; sourceTree = "<group>"; };
		1E180E0D276B05E600E22F44 /* IFirstView.swift */ = {isa = PBXFileReference; lastKnownFileType = sourcecode.swift; path = IFirstView.swift; sourceTree = "<group>"; };
		1E180E0F276B060D00E22F44 /* IFirstViewController.swift */ = {isa = PBXFileReference; lastKnownFileType = sourcecode.swift; path = IFirstViewController.swift; sourceTree = "<group>"; };
		1E180E11276B065600E22F44 /* IStaffModel.swift */ = {isa = PBXFileReference; lastKnownFileType = sourcecode.swift; path = IStaffModel.swift; sourceTree = "<group>"; };
		1E180E13276B163600E22F44 /* CompanyTableViewCell.swift */ = {isa = PBXFileReference; lastKnownFileType = sourcecode.swift; path = CompanyTableViewCell.swift; sourceTree = "<group>"; };
		1E6A9341276CA9C300112F2C /* SecondViewController.swift */ = {isa = PBXFileReference; lastKnownFileType = sourcecode.swift; path = SecondViewController.swift; sourceTree = "<group>"; };
		1E6A9345276CAA4900112F2C /* ISecondViewController.swift */ = {isa = PBXFileReference; lastKnownFileType = sourcecode.swift; path = ISecondViewController.swift; sourceTree = "<group>"; };
		1E6A9347276CAAA700112F2C /* SecondView.swift */ = {isa = PBXFileReference; lastKnownFileType = sourcecode.swift; path = SecondView.swift; sourceTree = "<group>"; };
		1E6A934A276CAADE00112F2C /* ISecondView.swift */ = {isa = PBXFileReference; lastKnownFileType = sourcecode.swift; path = ISecondView.swift; sourceTree = "<group>"; };
		1E6A934C276CAB4100112F2C /* EmployeeTableViewCell.swift */ = {isa = PBXFileReference; lastKnownFileType = sourcecode.swift; path = EmployeeTableViewCell.swift; sourceTree = "<group>"; };
/* End PBXFileReference section */

/* Begin PBXFrameworksBuildPhase section */
		1E180DE8276AF81400E22F44 /* Frameworks */ = {
			isa = PBXFrameworksBuildPhase;
			buildActionMask = 2147483647;
			files = (
			);
			runOnlyForDeploymentPostprocessing = 0;
		};
/* End PBXFrameworksBuildPhase section */

/* Begin PBXGroup section */
		1E180DE2276AF81400E22F44 = {
			isa = PBXGroup;
			children = (
				1E180DED276AF81400E22F44 /* StaffOrganizer */,
				1E180DEC276AF81400E22F44 /* Products */,
			);
			sourceTree = "<group>";
		};
		1E180DEC276AF81400E22F44 /* Products */ = {
			isa = PBXGroup;
			children = (
				1E180DEB276AF81400E22F44 /* StaffOrganizer.app */,
			);
			name = Products;
			sourceTree = "<group>";
		};
		1E180DED276AF81400E22F44 /* StaffOrganizer */ = {
			isa = PBXGroup;
			children = (
				1E180DEE276AF81400E22F44 /* AppDelegate.swift */,
				1E180DF0276AF81400E22F44 /* SceneDelegate.swift */,
				1E180E0C276B03FA00E22F44 /* Model */,
				1E180E05276B031B00E22F44 /* FirstScreen */,
				1E6A9343276CA9F400112F2C /* SecondScreen */,
				1E180DFA276AF81E00E22F44 /* Assets.xcassets */,
				1E180DFC276AF81E00E22F44 /* LaunchScreen.storyboard */,
				1E180DFF276AF81E00E22F44 /* Info.plist */,
			);
			path = StaffOrganizer;
			sourceTree = "<group>";
		};
		1E180E05276B031B00E22F44 /* FirstScreen */ = {
			isa = PBXGroup;
			children = (
				1E180E09276B039700E22F44 /* FSController */,
				1E180E08276B038900E22F44 /* FSView */,
			);
			path = FirstScreen;
			sourceTree = "<group>";
		};
		1E180E08276B038900E22F44 /* FSView */ = {
			isa = PBXGroup;
			children = (
				1E180E06276B037100E22F44 /* FirstView.swift */,
				1E180E0D276B05E600E22F44 /* IFirstView.swift */,
				1E180E13276B163600E22F44 /* CompanyTableViewCell.swift */,
			);
			path = FSView;
			sourceTree = "<group>";
		};
		1E180E09276B039700E22F44 /* FSController */ = {
			isa = PBXGroup;
			children = (
				1E180DF2276AF81400E22F44 /* FirstViewController.swift */,
				1E180E0F276B060D00E22F44 /* IFirstViewController.swift */,
			);
			path = FSController;
			sourceTree = "<group>";
		};
		1E180E0C276B03FA00E22F44 /* Model */ = {
			isa = PBXGroup;
			children = (
				1E180E0A276B03D800E22F44 /* StaffModel.swift */,
				1E180E11276B065600E22F44 /* IStaffModel.swift */,
				1E180DF7276AF81400E22F44 /* StaffOrganizer.xcdatamodeld */,
			);
			path = Model;
			sourceTree = "<group>";
		};
		1E6A9343276CA9F400112F2C /* SecondScreen */ = {
			isa = PBXGroup;
			children = (
				1E6A9344276CAA1500112F2C /* SSController */,
				1E6A9349276CAAB400112F2C /* SSView */,
			);
			path = SecondScreen;
			sourceTree = "<group>";
		};
		1E6A9344276CAA1500112F2C /* SSController */ = {
			isa = PBXGroup;
			children = (
				1E6A9341276CA9C300112F2C /* SecondViewController.swift */,
				1E6A9345276CAA4900112F2C /* ISecondViewController.swift */,
			);
			path = SSController;
			sourceTree = "<group>";
		};
		1E6A9349276CAAB400112F2C /* SSView */ = {
			isa = PBXGroup;
			children = (
				1E6A9347276CAAA700112F2C /* SecondView.swift */,
				1E6A934A276CAADE00112F2C /* ISecondView.swift */,
				1E6A934C276CAB4100112F2C /* EmployeeTableViewCell.swift */,
			);
			path = SSView;
			sourceTree = "<group>";
		};
/* End PBXGroup section */

/* Begin PBXNativeTarget section */
		1E180DEA276AF81400E22F44 /* StaffOrganizer */ = {
			isa = PBXNativeTarget;
			buildConfigurationList = 1E180E02276AF81E00E22F44 /* Build configuration list for PBXNativeTarget "StaffOrganizer" */;
			buildPhases = (
				1E180DE7276AF81400E22F44 /* Sources */,
				1E180DE8276AF81400E22F44 /* Frameworks */,
				1E180DE9276AF81400E22F44 /* Resources */,
			);
			buildRules = (
			);
			dependencies = (
			);
			name = StaffOrganizer;
			productName = StaffOrganizer;
			productReference = 1E180DEB276AF81400E22F44 /* StaffOrganizer.app */;
			productType = "com.apple.product-type.application";
		};
/* End PBXNativeTarget section */

/* Begin PBXProject section */
		1E180DE3276AF81400E22F44 /* Project object */ = {
			isa = PBXProject;
			attributes = {
				BuildIndependentTargetsInParallel = 1;
				LastSwiftUpdateCheck = 1310;
				LastUpgradeCheck = 1310;
				TargetAttributes = {
					1E180DEA276AF81400E22F44 = {
						CreatedOnToolsVersion = 13.1;
					};
				};
			};
			buildConfigurationList = 1E180DE6276AF81400E22F44 /* Build configuration list for PBXProject "StaffOrganizer" */;
			compatibilityVersion = "Xcode 13.0";
			developmentRegion = en;
			hasScannedForEncodings = 0;
			knownRegions = (
				en,
				Base,
			);
			mainGroup = 1E180DE2276AF81400E22F44;
			productRefGroup = 1E180DEC276AF81400E22F44 /* Products */;
			projectDirPath = "";
			projectRoot = "";
			targets = (
				1E180DEA276AF81400E22F44 /* StaffOrganizer */,
			);
		};
/* End PBXProject section */

/* Begin PBXResourcesBuildPhase section */
		1E180DE9276AF81400E22F44 /* Resources */ = {
			isa = PBXResourcesBuildPhase;
			buildActionMask = 2147483647;
			files = (
				1E180DFE276AF81E00E22F44 /* LaunchScreen.storyboard in Resources */,
				1E180DFB276AF81E00E22F44 /* Assets.xcassets in Resources */,
			);
			runOnlyForDeploymentPostprocessing = 0;
		};
/* End PBXResourcesBuildPhase section */

/* Begin PBXSourcesBuildPhase section */
		1E180DE7276AF81400E22F44 /* Sources */ = {
			isa = PBXSourcesBuildPhase;
			buildActionMask = 2147483647;
			files = (
				1E180E0B276B03D800E22F44 /* StaffModel.swift in Sources */,
				1E6A934D276CAB4100112F2C /* EmployeeTableViewCell.swift in Sources */,
				1E6A9346276CAA4900112F2C /* ISecondViewController.swift in Sources */,
				1E180E12276B065600E22F44 /* IStaffModel.swift in Sources */,
				1E180DF9276AF81400E22F44 /* StaffOrganizer.xcdatamodeld in Sources */,
				1E180E14276B163600E22F44 /* CompanyTableViewCell.swift in Sources */,
				1E6A9348276CAAA700112F2C /* SecondView.swift in Sources */,
				1E180E07276B037100E22F44 /* FirstView.swift in Sources */,
				1E6A9342276CA9C300112F2C /* SecondViewController.swift in Sources */,
				1E180E0E276B05E600E22F44 /* IFirstView.swift in Sources */,
				1E180DF3276AF81400E22F44 /* FirstViewController.swift in Sources */,
				1E6A934B276CAADE00112F2C /* ISecondView.swift in Sources */,
				1E180DEF276AF81400E22F44 /* AppDelegate.swift in Sources */,
				1E180E10276B060D00E22F44 /* IFirstViewController.swift in Sources */,
				1E180DF1276AF81400E22F44 /* SceneDelegate.swift in Sources */,
			);
			runOnlyForDeploymentPostprocessing = 0;
		};
/* End PBXSourcesBuildPhase section */

/* Begin PBXVariantGroup section */
		1E180DFC276AF81E00E22F44 /* LaunchScreen.storyboard */ = {
			isa = PBXVariantGroup;
			children = (
				1E180DFD276AF81E00E22F44 /* Base */,
			);
			name = LaunchScreen.storyboard;
			sourceTree = "<group>";
		};
/* End PBXVariantGroup section */

/* Begin XCBuildConfiguration section */
		1E180E00276AF81E00E22F44 /* Debug */ = {
			isa = XCBuildConfiguration;
			buildSettings = {
				ALWAYS_SEARCH_USER_PATHS = NO;
				CLANG_ANALYZER_NONNULL = YES;
				CLANG_ANALYZER_NUMBER_OBJECT_CONVERSION = YES_AGGRESSIVE;
				CLANG_CXX_LANGUAGE_STANDARD = "gnu++17";
				CLANG_CXX_LIBRARY = "libc++";
				CLANG_ENABLE_MODULES = YES;
				CLANG_ENABLE_OBJC_ARC = YES;
				CLANG_ENABLE_OBJC_WEAK = YES;
				CLANG_WARN_BLOCK_CAPTURE_AUTORELEASING = YES;
				CLANG_WARN_BOOL_CONVERSION = YES;
				CLANG_WARN_COMMA = YES;
				CLANG_WARN_CONSTANT_CONVERSION = YES;
				CLANG_WARN_DEPRECATED_OBJC_IMPLEMENTATIONS = YES;
				CLANG_WARN_DIRECT_OBJC_ISA_USAGE = YES_ERROR;
				CLANG_WARN_DOCUMENTATION_COMMENTS = YES;
				CLANG_WARN_EMPTY_BODY = YES;
				CLANG_WARN_ENUM_CONVERSION = YES;
				CLANG_WARN_INFINITE_RECURSION = YES;
				CLANG_WARN_INT_CONVERSION = YES;
				CLANG_WARN_NON_LITERAL_NULL_CONVERSION = YES;
				CLANG_WARN_OBJC_IMPLICIT_RETAIN_SELF = YES;
				CLANG_WARN_OBJC_LITERAL_CONVERSION = YES;
				CLANG_WARN_OBJC_ROOT_CLASS = YES_ERROR;
				CLANG_WARN_QUOTED_INCLUDE_IN_FRAMEWORK_HEADER = YES;
				CLANG_WARN_RANGE_LOOP_ANALYSIS = YES;
				CLANG_WARN_STRICT_PROTOTYPES = YES;
				CLANG_WARN_SUSPICIOUS_MOVE = YES;
				CLANG_WARN_UNGUARDED_AVAILABILITY = YES_AGGRESSIVE;
				CLANG_WARN_UNREACHABLE_CODE = YES;
				CLANG_WARN__DUPLICATE_METHOD_MATCH = YES;
				COPY_PHASE_STRIP = NO;
				DEBUG_INFORMATION_FORMAT = dwarf;
				ENABLE_STRICT_OBJC_MSGSEND = YES;
				ENABLE_TESTABILITY = YES;
				GCC_C_LANGUAGE_STANDARD = gnu11;
				GCC_DYNAMIC_NO_PIC = NO;
				GCC_NO_COMMON_BLOCKS = YES;
				GCC_OPTIMIZATION_LEVEL = 0;
				GCC_PREPROCESSOR_DEFINITIONS = (
					"DEBUG=1",
					"$(inherited)",
				);
				GCC_WARN_64_TO_32_BIT_CONVERSION = YES;
				GCC_WARN_ABOUT_RETURN_TYPE = YES_ERROR;
				GCC_WARN_UNDECLARED_SELECTOR = YES;
				GCC_WARN_UNINITIALIZED_AUTOS = YES_AGGRESSIVE;
				GCC_WARN_UNUSED_FUNCTION = YES;
				GCC_WARN_UNUSED_VARIABLE = YES;
				IPHONEOS_DEPLOYMENT_TARGET = 15.0;
				MTL_ENABLE_DEBUG_INFO = INCLUDE_SOURCE;
				MTL_FAST_MATH = YES;
				ONLY_ACTIVE_ARCH = YES;
				SDKROOT = iphoneos;
				SWIFT_ACTIVE_COMPILATION_CONDITIONS = DEBUG;
				SWIFT_OPTIMIZATION_LEVEL = "-Onone";
			};
			name = Debug;
		};
		1E180E01276AF81E00E22F44 /* Release */ = {
			isa = XCBuildConfiguration;
			buildSettings = {
				ALWAYS_SEARCH_USER_PATHS = NO;
				CLANG_ANALYZER_NONNULL = YES;
				CLANG_ANALYZER_NUMBER_OBJECT_CONVERSION = YES_AGGRESSIVE;
				CLANG_CXX_LANGUAGE_STANDARD = "gnu++17";
				CLANG_CXX_LIBRARY = "libc++";
				CLANG_ENABLE_MODULES = YES;
				CLANG_ENABLE_OBJC_ARC = YES;
				CLANG_ENABLE_OBJC_WEAK = YES;
				CLANG_WARN_BLOCK_CAPTURE_AUTORELEASING = YES;
				CLANG_WARN_BOOL_CONVERSION = YES;
				CLANG_WARN_COMMA = YES;
				CLANG_WARN_CONSTANT_CONVERSION = YES;
				CLANG_WARN_DEPRECATED_OBJC_IMPLEMENTATIONS = YES;
				CLANG_WARN_DIRECT_OBJC_ISA_USAGE = YES_ERROR;
				CLANG_WARN_DOCUMENTATION_COMMENTS = YES;
				CLANG_WARN_EMPTY_BODY = YES;
				CLANG_WARN_ENUM_CONVERSION = YES;
				CLANG_WARN_INFINITE_RECURSION = YES;
				CLANG_WARN_INT_CONVERSION = YES;
				CLANG_WARN_NON_LITERAL_NULL_CONVERSION = YES;
				CLANG_WARN_OBJC_IMPLICIT_RETAIN_SELF = YES;
				CLANG_WARN_OBJC_LITERAL_CONVERSION = YES;
				CLANG_WARN_OBJC_ROOT_CLASS = YES_ERROR;
				CLANG_WARN_QUOTED_INCLUDE_IN_FRAMEWORK_HEADER = YES;
				CLANG_WARN_RANGE_LOOP_ANALYSIS = YES;
				CLANG_WARN_STRICT_PROTOTYPES = YES;
				CLANG_WARN_SUSPICIOUS_MOVE = YES;
				CLANG_WARN_UNGUARDED_AVAILABILITY = YES_AGGRESSIVE;
				CLANG_WARN_UNREACHABLE_CODE = YES;
				CLANG_WARN__DUPLICATE_METHOD_MATCH = YES;
				COPY_PHASE_STRIP = NO;
				DEBUG_INFORMATION_FORMAT = "dwarf-with-dsym";
				ENABLE_NS_ASSERTIONS = NO;
				ENABLE_STRICT_OBJC_MSGSEND = YES;
				GCC_C_LANGUAGE_STANDARD = gnu11;
				GCC_NO_COMMON_BLOCKS = YES;
				GCC_WARN_64_TO_32_BIT_CONVERSION = YES;
				GCC_WARN_ABOUT_RETURN_TYPE = YES_ERROR;
				GCC_WARN_UNDECLARED_SELECTOR = YES;
				GCC_WARN_UNINITIALIZED_AUTOS = YES_AGGRESSIVE;
				GCC_WARN_UNUSED_FUNCTION = YES;
				GCC_WARN_UNUSED_VARIABLE = YES;
				IPHONEOS_DEPLOYMENT_TARGET = 15.0;
				MTL_ENABLE_DEBUG_INFO = NO;
				MTL_FAST_MATH = YES;
				SDKROOT = iphoneos;
				SWIFT_COMPILATION_MODE = wholemodule;
				SWIFT_OPTIMIZATION_LEVEL = "-O";
				VALIDATE_PRODUCT = YES;
			};
			name = Release;
		};
		1E180E03276AF81E00E22F44 /* Debug */ = {
			isa = XCBuildConfiguration;
			buildSettings = {
				ASSETCATALOG_COMPILER_APPICON_NAME = AppIcon;
				ASSETCATALOG_COMPILER_GLOBAL_ACCENT_COLOR_NAME = AccentColor;
				CODE_SIGN_STYLE = Automatic;
				CURRENT_PROJECT_VERSION = 1;
				GENERATE_INFOPLIST_FILE = YES;
				INFOPLIST_FILE = StaffOrganizer/Info.plist;
				INFOPLIST_KEY_UIApplicationSupportsIndirectInputEvents = YES;
				INFOPLIST_KEY_UILaunchStoryboardName = LaunchScreen;
				INFOPLIST_KEY_UISupportedInterfaceOrientations = UIInterfaceOrientationPortrait;
				INFOPLIST_KEY_UISupportedInterfaceOrientations_iPad = "UIInterfaceOrientationPortrait UIInterfaceOrientationPortraitUpsideDown UIInterfaceOrientationLandscapeLeft UIInterfaceOrientationLandscapeRight";
				INFOPLIST_KEY_UISupportedInterfaceOrientations_iPhone = "UIInterfaceOrientationPortrait UIInterfaceOrientationLandscapeLeft UIInterfaceOrientationLandscapeRight";
				LD_RUNPATH_SEARCH_PATHS = (
					"$(inherited)",
					"@executable_path/Frameworks",
				);
				MARKETING_VERSION = 1.0;
				PRODUCT_BUNDLE_IDENTIFIER = com.gwg.StaffOrganizer;
				PRODUCT_NAME = "$(TARGET_NAME)";
				SWIFT_EMIT_LOC_STRINGS = YES;
				SWIFT_VERSION = 5.0;
				TARGETED_DEVICE_FAMILY = "1,2";
			};
			name = Debug;
		};
		1E180E04276AF81E00E22F44 /* Release */ = {
			isa = XCBuildConfiguration;
			buildSettings = {
				ASSETCATALOG_COMPILER_APPICON_NAME = AppIcon;
				ASSETCATALOG_COMPILER_GLOBAL_ACCENT_COLOR_NAME = AccentColor;
				CODE_SIGN_STYLE = Automatic;
				CURRENT_PROJECT_VERSION = 1;
				GENERATE_INFOPLIST_FILE = YES;
				INFOPLIST_FILE = StaffOrganizer/Info.plist;
				INFOPLIST_KEY_UIApplicationSupportsIndirectInputEvents = YES;
				INFOPLIST_KEY_UILaunchStoryboardName = LaunchScreen;
				INFOPLIST_KEY_UISupportedInterfaceOrientations = UIInterfaceOrientationPortrait;
				INFOPLIST_KEY_UISupportedInterfaceOrientations_iPad = "UIInterfaceOrientationPortrait UIInterfaceOrientationPortraitUpsideDown UIInterfaceOrientationLandscapeLeft UIInterfaceOrientationLandscapeRight";
				INFOPLIST_KEY_UISupportedInterfaceOrientations_iPhone = "UIInterfaceOrientationPortrait UIInterfaceOrientationLandscapeLeft UIInterfaceOrientationLandscapeRight";
				LD_RUNPATH_SEARCH_PATHS = (
					"$(inherited)",
					"@executable_path/Frameworks",
				);
				MARKETING_VERSION = 1.0;
				PRODUCT_BUNDLE_IDENTIFIER = com.gwg.StaffOrganizer;
				PRODUCT_NAME = "$(TARGET_NAME)";
				SWIFT_EMIT_LOC_STRINGS = YES;
				SWIFT_VERSION = 5.0;
				TARGETED_DEVICE_FAMILY = "1,2";
			};
			name = Release;
		};
/* End XCBuildConfiguration section */

/* Begin XCConfigurationList section */
		1E180DE6276AF81400E22F44 /* Build configuration list for PBXProject "StaffOrganizer" */ = {
			isa = XCConfigurationList;
			buildConfigurations = (
				1E180E00276AF81E00E22F44 /* Debug */,
				1E180E01276AF81E00E22F44 /* Release */,
			);
			defaultConfigurationIsVisible = 0;
			defaultConfigurationName = Release;
		};
		1E180E02276AF81E00E22F44 /* Build configuration list for PBXNativeTarget "StaffOrganizer" */ = {
			isa = XCConfigurationList;
			buildConfigurations = (
				1E180E03276AF81E00E22F44 /* Debug */,
				1E180E04276AF81E00E22F44 /* Release */,
			);
			defaultConfigurationIsVisible = 0;
			defaultConfigurationName = Release;
		};
/* End XCConfigurationList section */

/* Begin XCVersionGroup section */
		1E180DF7276AF81400E22F44 /* StaffOrganizer.xcdatamodeld */ = {
			isa = XCVersionGroup;
			children = (
				1E180DF8276AF81400E22F44 /* StaffOrganizer.xcdatamodel */,
			);
			currentVersion = 1E180DF8276AF81400E22F44 /* StaffOrganizer.xcdatamodel */;
			path = StaffOrganizer.xcdatamodeld;
			sourceTree = "<group>";
			versionGroupType = wrapper.xcdatamodel;
		};
/* End XCVersionGroup section */
	};
	rootObject = 1E180DE3276AF81400E22F44 /* Project object */;
}
