// !$*UTF8*$!
{
	archiveVersion = 1;
	classes = {
	};
	objectVersion = 55;
	objects = {

/* Begin PBXBuildFile section */
		1E1ED36E275339E9006EA743 /* ViewModel.swift in Sources */ = {isa = PBXBuildFile; fileRef = 1E1ED36D275339E9006EA743 /* ViewModel.swift */; };
		1E1ED37127539F0D006EA743 /* HeroModel.swift in Sources */ = {isa = PBXBuildFile; fileRef = 1E1ED37027539F0D006EA743 /* HeroModel.swift */; };
		1E92D0DB2750C780001EFDD6 /* FirstScreenView.swift in Sources */ = {isa = PBXBuildFile; fileRef = 1E92D0DA2750C780001EFDD6 /* FirstScreenView.swift */; };
		1E92D0DD2750E571001EFDD6 /* SecondScreenView.swift in Sources */ = {isa = PBXBuildFile; fileRef = 1E92D0DC2750E571001EFDD6 /* SecondScreenView.swift */; };
		1E92D0DF2750E58B001EFDD6 /* SecondScreenPresenter.swift in Sources */ = {isa = PBXBuildFile; fileRef = 1E92D0DE2750E58B001EFDD6 /* SecondScreenPresenter.swift */; };
		1EB5C71C27490792002CD8DF /* AppDelegate.swift in Sources */ = {isa = PBXBuildFile; fileRef = 1EB5C71B27490792002CD8DF /* AppDelegate.swift */; };
		1EB5C71E27490792002CD8DF /* SceneDelegate.swift in Sources */ = {isa = PBXBuildFile; fileRef = 1EB5C71D27490792002CD8DF /* SceneDelegate.swift */; };
		1EB5C72027490792002CD8DF /* ViewController.swift in Sources */ = {isa = PBXBuildFile; fileRef = 1EB5C71F27490792002CD8DF /* ViewController.swift */; };
		1EB5C725274907AD002CD8DF /* Assets.xcassets in Resources */ = {isa = PBXBuildFile; fileRef = 1EB5C724274907AD002CD8DF /* Assets.xcassets */; };
		1EB5C728274907AD002CD8DF /* LaunchScreen.storyboard in Resources */ = {isa = PBXBuildFile; fileRef = 1EB5C726274907AD002CD8DF /* LaunchScreen.storyboard */; };
		1EB5C7302749092F002CD8DF /* DescriptionViewController.swift in Sources */ = {isa = PBXBuildFile; fileRef = 1EB5C72F2749092F002CD8DF /* DescriptionViewController.swift */; };
		1EB5C73227490954002CD8DF /* HistoryViewController.swift in Sources */ = {isa = PBXBuildFile; fileRef = 1EB5C73127490954002CD8DF /* HistoryViewController.swift */; };
		1EB5C7342749097F002CD8DF /* MyCollectionViewCell.swift in Sources */ = {isa = PBXBuildFile; fileRef = 1EB5C7332749097F002CD8DF /* MyCollectionViewCell.swift */; };
		1EB5C736274909A3002CD8DF /* FlowLayout.swift in Sources */ = {isa = PBXBuildFile; fileRef = 1EB5C735274909A3002CD8DF /* FlowLayout.swift */; };
		1EB5C738274909C8002CD8DF /* SuperHero.swift in Sources */ = {isa = PBXBuildFile; fileRef = 1EB5C737274909C8002CD8DF /* SuperHero.swift */; };
/* End PBXBuildFile section */

/* Begin PBXFileReference section */
		1E1ED36D275339E9006EA743 /* ViewModel.swift */ = {isa = PBXFileReference; lastKnownFileType = sourcecode.swift; path = ViewModel.swift; sourceTree = "<group>"; };
		1E1ED37027539F0D006EA743 /* HeroModel.swift */ = {isa = PBXFileReference; lastKnownFileType = sourcecode.swift; path = HeroModel.swift; sourceTree = "<group>"; };
		1E92D0DA2750C780001EFDD6 /* FirstScreenView.swift */ = {isa = PBXFileReference; lastKnownFileType = sourcecode.swift; path = FirstScreenView.swift; sourceTree = "<group>"; };
		1E92D0DC2750E571001EFDD6 /* SecondScreenView.swift */ = {isa = PBXFileReference; lastKnownFileType = sourcecode.swift; path = SecondScreenView.swift; sourceTree = "<group>"; };
		1E92D0DE2750E58B001EFDD6 /* SecondScreenPresenter.swift */ = {isa = PBXFileReference; lastKnownFileType = sourcecode.swift; path = SecondScreenPresenter.swift; sourceTree = "<group>"; };
		1EB5C71827490792002CD8DF /* CollectionApp.app */ = {isa = PBXFileReference; explicitFileType = wrapper.application; includeInIndex = 0; path = CollectionApp.app; sourceTree = BUILT_PRODUCTS_DIR; };
		1EB5C71B27490792002CD8DF /* AppDelegate.swift */ = {isa = PBXFileReference; lastKnownFileType = sourcecode.swift; path = AppDelegate.swift; sourceTree = "<group>"; };
		1EB5C71D27490792002CD8DF /* SceneDelegate.swift */ = {isa = PBXFileReference; lastKnownFileType = sourcecode.swift; path = SceneDelegate.swift; sourceTree = "<group>"; };
		1EB5C71F27490792002CD8DF /* ViewController.swift */ = {isa = PBXFileReference; lastKnownFileType = sourcecode.swift; path = ViewController.swift; sourceTree = "<group>"; };
		1EB5C724274907AD002CD8DF /* Assets.xcassets */ = {isa = PBXFileReference; lastKnownFileType = folder.assetcatalog; path = Assets.xcassets; sourceTree = "<group>"; };
		1EB5C727274907AD002CD8DF /* Base */ = {isa = PBXFileReference; lastKnownFileType = file.storyboard; name = Base; path = Base.lproj/LaunchScreen.storyboard; sourceTree = "<group>"; };
		1EB5C729274907AD002CD8DF /* Info.plist */ = {isa = PBXFileReference; lastKnownFileType = text.plist.xml; path = Info.plist; sourceTree = "<group>"; };
		1EB5C72F2749092F002CD8DF /* DescriptionViewController.swift */ = {isa = PBXFileReference; lastKnownFileType = sourcecode.swift; path = DescriptionViewController.swift; sourceTree = "<group>"; };
		1EB5C73127490954002CD8DF /* HistoryViewController.swift */ = {isa = PBXFileReference; lastKnownFileType = sourcecode.swift; path = HistoryViewController.swift; sourceTree = "<group>"; };
		1EB5C7332749097F002CD8DF /* MyCollectionViewCell.swift */ = {isa = PBXFileReference; lastKnownFileType = sourcecode.swift; path = MyCollectionViewCell.swift; sourceTree = "<group>"; };
		1EB5C735274909A3002CD8DF /* FlowLayout.swift */ = {isa = PBXFileReference; lastKnownFileType = sourcecode.swift; path = FlowLayout.swift; sourceTree = "<group>"; };
		1EB5C737274909C8002CD8DF /* SuperHero.swift */ = {isa = PBXFileReference; lastKnownFileType = sourcecode.swift; path = SuperHero.swift; sourceTree = "<group>"; };
/* End PBXFileReference section */

/* Begin PBXFrameworksBuildPhase section */
		1EB5C71527490792002CD8DF /* Frameworks */ = {
			isa = PBXFrameworksBuildPhase;
			buildActionMask = 2147483647;
			files = (
			);
			runOnlyForDeploymentPostprocessing = 0;
		};
/* End PBXFrameworksBuildPhase section */

/* Begin PBXGroup section */
		1E1ED36A27533970006EA743 /* Presenter */ = {
			isa = PBXGroup;
			children = (
				1E92D0DE2750E58B001EFDD6 /* SecondScreenPresenter.swift */,
			);
			path = Presenter;
			sourceTree = "<group>";
		};
		1E1ED36B2753398A006EA743 /* View */ = {
			isa = PBXGroup;
			children = (
				1EB5C72F2749092F002CD8DF /* DescriptionViewController.swift */,
				1E92D0DC2750E571001EFDD6 /* SecondScreenView.swift */,
			);
			path = View;
			sourceTree = "<group>";
		};
		1E1ED36C275339BD006EA743 /* View */ = {
			isa = PBXGroup;
			children = (
				1EB5C73127490954002CD8DF /* HistoryViewController.swift */,
			);
			path = View;
			sourceTree = "<group>";
		};
		1E1ED36F275339F4006EA743 /* ViewModel */ = {
			isa = PBXGroup;
			children = (
				1E1ED36D275339E9006EA743 /* ViewModel.swift */,
			);
			path = ViewModel;
			sourceTree = "<group>";
		};
		1E92D0D62750BE64001EFDD6 /* FirstScreen */ = {
			isa = PBXGroup;
			children = (
				1EB5C73A27490F22002CD8DF /* View */,
				1E92D0D92750BEE6001EFDD6 /* Controller */,
			);
			path = FirstScreen;
			sourceTree = "<group>";
		};
		1E92D0D72750BE7D001EFDD6 /* SecondScreen */ = {
			isa = PBXGroup;
			children = (
				1E1ED36B2753398A006EA743 /* View */,
				1E1ED36A27533970006EA743 /* Presenter */,
			);
			path = SecondScreen;
			sourceTree = "<group>";
		};
		1E92D0D82750BE95001EFDD6 /* ThirdScreen */ = {
			isa = PBXGroup;
			children = (
				1E1ED36C275339BD006EA743 /* View */,
				1E1ED36F275339F4006EA743 /* ViewModel */,
			);
			path = ThirdScreen;
			sourceTree = "<group>";
		};
		1E92D0D92750BEE6001EFDD6 /* Controller */ = {
			isa = PBXGroup;
			children = (
				1EB5C71F27490792002CD8DF /* ViewController.swift */,
			);
			path = Controller;
			sourceTree = "<group>";
		};
		1EB5C70F27490792002CD8DF = {
			isa = PBXGroup;
			children = (
				1EB5C71A27490792002CD8DF /* CollectionApp */,
				1EB5C71927490792002CD8DF /* Products */,
			);
			sourceTree = "<group>";
		};
		1EB5C71927490792002CD8DF /* Products */ = {
			isa = PBXGroup;
			children = (
				1EB5C71827490792002CD8DF /* CollectionApp.app */,
			);
			name = Products;
			sourceTree = "<group>";
		};
		1EB5C71A27490792002CD8DF /* CollectionApp */ = {
			isa = PBXGroup;
			children = (
				1EB5C71B27490792002CD8DF /* AppDelegate.swift */,
				1EB5C71D27490792002CD8DF /* SceneDelegate.swift */,
				1E92D0D62750BE64001EFDD6 /* FirstScreen */,
				1E92D0D72750BE7D001EFDD6 /* SecondScreen */,
				1E92D0D82750BE95001EFDD6 /* ThirdScreen */,
				1EB5C73B27490F2E002CD8DF /* Model */,
				1EB5C724274907AD002CD8DF /* Assets.xcassets */,
				1EB5C726274907AD002CD8DF /* LaunchScreen.storyboard */,
				1EB5C729274907AD002CD8DF /* Info.plist */,
			);
			path = CollectionApp;
			sourceTree = "<group>";
		};
		1EB5C73A27490F22002CD8DF /* View */ = {
			isa = PBXGroup;
			children = (
				1EB5C7332749097F002CD8DF /* MyCollectionViewCell.swift */,
				1E92D0DA2750C780001EFDD6 /* FirstScreenView.swift */,
				1EB5C735274909A3002CD8DF /* FlowLayout.swift */,
			);
			path = View;
			sourceTree = "<group>";
		};
		1EB5C73B27490F2E002CD8DF /* Model */ = {
			isa = PBXGroup;
			children = (
				1EB5C737274909C8002CD8DF /* SuperHero.swift */,
				1E1ED37027539F0D006EA743 /* HeroModel.swift */,
			);
			path = Model;
			sourceTree = "<group>";
		};
/* End PBXGroup section */

/* Begin PBXNativeTarget section */
		1EB5C71727490792002CD8DF /* CollectionApp */ = {
			isa = PBXNativeTarget;
			buildConfigurationList = 1EB5C72C274907AD002CD8DF /* Build configuration list for PBXNativeTarget "CollectionApp" */;
			buildPhases = (
				1EB5C71427490792002CD8DF /* Sources */,
				1EB5C71527490792002CD8DF /* Frameworks */,
				1EB5C71627490792002CD8DF /* Resources */,
			);
			buildRules = (
			);
			dependencies = (
			);
			name = CollectionApp;
			productName = CollectionApp;
			productReference = 1EB5C71827490792002CD8DF /* CollectionApp.app */;
			productType = "com.apple.product-type.application";
		};
/* End PBXNativeTarget section */

/* Begin PBXProject section */
		1EB5C71027490792002CD8DF /* Project object */ = {
			isa = PBXProject;
			attributes = {
				BuildIndependentTargetsInParallel = 1;
				LastSwiftUpdateCheck = 1310;
				LastUpgradeCheck = 1310;
				TargetAttributes = {
					1EB5C71727490792002CD8DF = {
						CreatedOnToolsVersion = 13.1;
					};
				};
			};
			buildConfigurationList = 1EB5C71327490792002CD8DF /* Build configuration list for PBXProject "CollectionApp" */;
			compatibilityVersion = "Xcode 13.0";
			developmentRegion = en;
			hasScannedForEncodings = 0;
			knownRegions = (
				en,
				Base,
			);
			mainGroup = 1EB5C70F27490792002CD8DF;
			productRefGroup = 1EB5C71927490792002CD8DF /* Products */;
			projectDirPath = "";
			projectRoot = "";
			targets = (
				1EB5C71727490792002CD8DF /* CollectionApp */,
			);
		};
/* End PBXProject section */

/* Begin PBXResourcesBuildPhase section */
		1EB5C71627490792002CD8DF /* Resources */ = {
			isa = PBXResourcesBuildPhase;
			buildActionMask = 2147483647;
			files = (
				1EB5C728274907AD002CD8DF /* LaunchScreen.storyboard in Resources */,
				1EB5C725274907AD002CD8DF /* Assets.xcassets in Resources */,
			);
			runOnlyForDeploymentPostprocessing = 0;
		};
/* End PBXResourcesBuildPhase section */

/* Begin PBXSourcesBuildPhase section */
		1EB5C71427490792002CD8DF /* Sources */ = {
			isa = PBXSourcesBuildPhase;
			buildActionMask = 2147483647;
			files = (
				1EB5C72027490792002CD8DF /* ViewController.swift in Sources */,
				1E1ED37127539F0D006EA743 /* HeroModel.swift in Sources */,
				1EB5C7302749092F002CD8DF /* DescriptionViewController.swift in Sources */,
				1E92D0DD2750E571001EFDD6 /* SecondScreenView.swift in Sources */,
				1EB5C7342749097F002CD8DF /* MyCollectionViewCell.swift in Sources */,
				1E92D0DB2750C780001EFDD6 /* FirstScreenView.swift in Sources */,
				1E92D0DF2750E58B001EFDD6 /* SecondScreenPresenter.swift in Sources */,
				1EB5C71C27490792002CD8DF /* AppDelegate.swift in Sources */,
				1EB5C73227490954002CD8DF /* HistoryViewController.swift in Sources */,
				1EB5C736274909A3002CD8DF /* FlowLayout.swift in Sources */,
				1EB5C71E27490792002CD8DF /* SceneDelegate.swift in Sources */,
				1E1ED36E275339E9006EA743 /* ViewModel.swift in Sources */,
				1EB5C738274909C8002CD8DF /* SuperHero.swift in Sources */,
			);
			runOnlyForDeploymentPostprocessing = 0;
		};
/* End PBXSourcesBuildPhase section */

/* Begin PBXVariantGroup section */
		1EB5C726274907AD002CD8DF /* LaunchScreen.storyboard */ = {
			isa = PBXVariantGroup;
			children = (
				1EB5C727274907AD002CD8DF /* Base */,
			);
			name = LaunchScreen.storyboard;
			sourceTree = "<group>";
		};
/* End PBXVariantGroup section */

/* Begin XCBuildConfiguration section */
		1EB5C72A274907AD002CD8DF /* Debug */ = {
			isa = XCBuildConfiguration;
			buildSettings = {
				ALWAYS_SEARCH_USER_PATHS = NO;
				CLANG_ANALYZER_NONNULL = YES;
				CLANG_ANALYZER_NUMBER_OBJECT_CONVERSION = YES_AGGRESSIVE;
				CLANG_CXX_LANGUAGE_STANDARD = "gnu++17";
				CLANG_CXX_LIBRARY = "libc++";
				CLANG_ENABLE_MODULES = YES;
				CLANG_ENABLE_OBJC_ARC = YES;
				CLANG_ENABLE_OBJC_WEAK = YES;
				CLANG_WARN_BLOCK_CAPTURE_AUTORELEASING = YES;
				CLANG_WARN_BOOL_CONVERSION = YES;
				CLANG_WARN_COMMA = YES;
				CLANG_WARN_CONSTANT_CONVERSION = YES;
				CLANG_WARN_DEPRECATED_OBJC_IMPLEMENTATIONS = YES;
				CLANG_WARN_DIRECT_OBJC_ISA_USAGE = YES_ERROR;
				CLANG_WARN_DOCUMENTATION_COMMENTS = YES;
				CLANG_WARN_EMPTY_BODY = YES;
				CLANG_WARN_ENUM_CONVERSION = YES;
				CLANG_WARN_INFINITE_RECURSION = YES;
				CLANG_WARN_INT_CONVERSION = YES;
				CLANG_WARN_NON_LITERAL_NULL_CONVERSION = YES;
				CLANG_WARN_OBJC_IMPLICIT_RETAIN_SELF = YES;
				CLANG_WARN_OBJC_LITERAL_CONVERSION = YES;
				CLANG_WARN_OBJC_ROOT_CLASS = YES_ERROR;
				CLANG_WARN_QUOTED_INCLUDE_IN_FRAMEWORK_HEADER = YES;
				CLANG_WARN_RANGE_LOOP_ANALYSIS = YES;
				CLANG_WARN_STRICT_PROTOTYPES = YES;
				CLANG_WARN_SUSPICIOUS_MOVE = YES;
				CLANG_WARN_UNGUARDED_AVAILABILITY = YES_AGGRESSIVE;
				CLANG_WARN_UNREACHABLE_CODE = YES;
				CLANG_WARN__DUPLICATE_METHOD_MATCH = YES;
				COPY_PHASE_STRIP = NO;
				DEBUG_INFORMATION_FORMAT = dwarf;
				ENABLE_STRICT_OBJC_MSGSEND = YES;
				ENABLE_TESTABILITY = YES;
				GCC_C_LANGUAGE_STANDARD = gnu11;
				GCC_DYNAMIC_NO_PIC = NO;
				GCC_NO_COMMON_BLOCKS = YES;
				GCC_OPTIMIZATION_LEVEL = 0;
				GCC_PREPROCESSOR_DEFINITIONS = (
					"DEBUG=1",
					"$(inherited)",
				);
				GCC_WARN_64_TO_32_BIT_CONVERSION = YES;
				GCC_WARN_ABOUT_RETURN_TYPE = YES_ERROR;
				GCC_WARN_UNDECLARED_SELECTOR = YES;
				GCC_WARN_UNINITIALIZED_AUTOS = YES_AGGRESSIVE;
				GCC_WARN_UNUSED_FUNCTION = YES;
				GCC_WARN_UNUSED_VARIABLE = YES;
				IPHONEOS_DEPLOYMENT_TARGET = 15.0;
				MTL_ENABLE_DEBUG_INFO = INCLUDE_SOURCE;
				MTL_FAST_MATH = YES;
				ONLY_ACTIVE_ARCH = YES;
				SDKROOT = iphoneos;
				SWIFT_ACTIVE_COMPILATION_CONDITIONS = DEBUG;
				SWIFT_OPTIMIZATION_LEVEL = "-Onone";
			};
			name = Debug;
		};
		1EB5C72B274907AD002CD8DF /* Release */ = {
			isa = XCBuildConfiguration;
			buildSettings = {
				ALWAYS_SEARCH_USER_PATHS = NO;
				CLANG_ANALYZER_NONNULL = YES;
				CLANG_ANALYZER_NUMBER_OBJECT_CONVERSION = YES_AGGRESSIVE;
				CLANG_CXX_LANGUAGE_STANDARD = "gnu++17";
				CLANG_CXX_LIBRARY = "libc++";
				CLANG_ENABLE_MODULES = YES;
				CLANG_ENABLE_OBJC_ARC = YES;
				CLANG_ENABLE_OBJC_WEAK = YES;
				CLANG_WARN_BLOCK_CAPTURE_AUTORELEASING = YES;
				CLANG_WARN_BOOL_CONVERSION = YES;
				CLANG_WARN_COMMA = YES;
				CLANG_WARN_CONSTANT_CONVERSION = YES;
				CLANG_WARN_DEPRECATED_OBJC_IMPLEMENTATIONS = YES;
				CLANG_WARN_DIRECT_OBJC_ISA_USAGE = YES_ERROR;
				CLANG_WARN_DOCUMENTATION_COMMENTS = YES;
				CLANG_WARN_EMPTY_BODY = YES;
				CLANG_WARN_ENUM_CONVERSION = YES;
				CLANG_WARN_INFINITE_RECURSION = YES;
				CLANG_WARN_INT_CONVERSION = YES;
				CLANG_WARN_NON_LITERAL_NULL_CONVERSION = YES;
				CLANG_WARN_OBJC_IMPLICIT_RETAIN_SELF = YES;
				CLANG_WARN_OBJC_LITERAL_CONVERSION = YES;
				CLANG_WARN_OBJC_ROOT_CLASS = YES_ERROR;
				CLANG_WARN_QUOTED_INCLUDE_IN_FRAMEWORK_HEADER = YES;
				CLANG_WARN_RANGE_LOOP_ANALYSIS = YES;
				CLANG_WARN_STRICT_PROTOTYPES = YES;
				CLANG_WARN_SUSPICIOUS_MOVE = YES;
				CLANG_WARN_UNGUARDED_AVAILABILITY = YES_AGGRESSIVE;
				CLANG_WARN_UNREACHABLE_CODE = YES;
				CLANG_WARN__DUPLICATE_METHOD_MATCH = YES;
				COPY_PHASE_STRIP = NO;
				DEBUG_INFORMATION_FORMAT = "dwarf-with-dsym";
				ENABLE_NS_ASSERTIONS = NO;
				ENABLE_STRICT_OBJC_MSGSEND = YES;
				GCC_C_LANGUAGE_STANDARD = gnu11;
				GCC_NO_COMMON_BLOCKS = YES;
				GCC_WARN_64_TO_32_BIT_CONVERSION = YES;
				GCC_WARN_ABOUT_RETURN_TYPE = YES_ERROR;
				GCC_WARN_UNDECLARED_SELECTOR = YES;
				GCC_WARN_UNINITIALIZED_AUTOS = YES_AGGRESSIVE;
				GCC_WARN_UNUSED_FUNCTION = YES;
				GCC_WARN_UNUSED_VARIABLE = YES;
				IPHONEOS_DEPLOYMENT_TARGET = 15.0;
				MTL_ENABLE_DEBUG_INFO = NO;
				MTL_FAST_MATH = YES;
				SDKROOT = iphoneos;
				SWIFT_COMPILATION_MODE = wholemodule;
				SWIFT_OPTIMIZATION_LEVEL = "-O";
				VALIDATE_PRODUCT = YES;
			};
			name = Release;
		};
		1EB5C72D274907AD002CD8DF /* Debug */ = {
			isa = XCBuildConfiguration;
			buildSettings = {
				ASSETCATALOG_COMPILER_APPICON_NAME = AppIcon;
				ASSETCATALOG_COMPILER_GLOBAL_ACCENT_COLOR_NAME = AccentColor;
				CODE_SIGN_STYLE = Automatic;
				CURRENT_PROJECT_VERSION = 1;
				GENERATE_INFOPLIST_FILE = YES;
				INFOPLIST_FILE = CollectionApp/Info.plist;
				INFOPLIST_KEY_UIApplicationSupportsIndirectInputEvents = YES;
				INFOPLIST_KEY_UILaunchStoryboardName = LaunchScreen;
				INFOPLIST_KEY_UISupportedInterfaceOrientations_iPad = "UIInterfaceOrientationPortrait UIInterfaceOrientationPortraitUpsideDown UIInterfaceOrientationLandscapeLeft UIInterfaceOrientationLandscapeRight";
				INFOPLIST_KEY_UISupportedInterfaceOrientations_iPhone = "UIInterfaceOrientationPortrait UIInterfaceOrientationLandscapeLeft UIInterfaceOrientationLandscapeRight";
				LD_RUNPATH_SEARCH_PATHS = (
					"$(inherited)",
					"@executable_path/Frameworks",
				);
				MARKETING_VERSION = 1.0;
				PRODUCT_BUNDLE_IDENTIFIER = com.gwg.CollectionApp;
				PRODUCT_NAME = "$(TARGET_NAME)";
				SWIFT_EMIT_LOC_STRINGS = YES;
				SWIFT_VERSION = 5.0;
				TARGETED_DEVICE_FAMILY = "1,2";
			};
			name = Debug;
		};
		1EB5C72E274907AD002CD8DF /* Release */ = {
			isa = XCBuildConfiguration;
			buildSettings = {
				ASSETCATALOG_COMPILER_APPICON_NAME = AppIcon;
				ASSETCATALOG_COMPILER_GLOBAL_ACCENT_COLOR_NAME = AccentColor;
				CODE_SIGN_STYLE = Automatic;
				CURRENT_PROJECT_VERSION = 1;
				GENERATE_INFOPLIST_FILE = YES;
				INFOPLIST_FILE = CollectionApp/Info.plist;
				INFOPLIST_KEY_UIApplicationSupportsIndirectInputEvents = YES;
				INFOPLIST_KEY_UILaunchStoryboardName = LaunchScreen;
				INFOPLIST_KEY_UISupportedInterfaceOrientations_iPad = "UIInterfaceOrientationPortrait UIInterfaceOrientationPortraitUpsideDown UIInterfaceOrientationLandscapeLeft UIInterfaceOrientationLandscapeRight";
				INFOPLIST_KEY_UISupportedInterfaceOrientations_iPhone = "UIInterfaceOrientationPortrait UIInterfaceOrientationLandscapeLeft UIInterfaceOrientationLandscapeRight";
				LD_RUNPATH_SEARCH_PATHS = (
					"$(inherited)",
					"@executable_path/Frameworks",
				);
				MARKETING_VERSION = 1.0;
				PRODUCT_BUNDLE_IDENTIFIER = com.gwg.CollectionApp;
				PRODUCT_NAME = "$(TARGET_NAME)";
				SWIFT_EMIT_LOC_STRINGS = YES;
				SWIFT_VERSION = 5.0;
				TARGETED_DEVICE_FAMILY = "1,2";
			};
			name = Release;
		};
/* End XCBuildConfiguration section */

/* Begin XCConfigurationList section */
		1EB5C71327490792002CD8DF /* Build configuration list for PBXProject "CollectionApp" */ = {
			isa = XCConfigurationList;
			buildConfigurations = (
				1EB5C72A274907AD002CD8DF /* Debug */,
				1EB5C72B274907AD002CD8DF /* Release */,
			);
			defaultConfigurationIsVisible = 0;
			defaultConfigurationName = Release;
		};
		1EB5C72C274907AD002CD8DF /* Build configuration list for PBXNativeTarget "CollectionApp" */ = {
			isa = XCConfigurationList;
			buildConfigurations = (
				1EB5C72D274907AD002CD8DF /* Debug */,
				1EB5C72E274907AD002CD8DF /* Release */,
			);
			defaultConfigurationIsVisible = 0;
			defaultConfigurationName = Release;
		};
/* End XCConfigurationList section */
	};
	rootObject = 1EB5C71027490792002CD8DF /* Project object */;
}
