// !$*UTF8*$!
{
	archiveVersion = 1;
	classes = {
	};
	objectVersion = 55;
	objects = {

/* Begin PBXBuildFile section */
		1EB7DE0F2765AC0600C50317 /* AppDelegate.swift in Sources */ = {isa = PBXBuildFile; fileRef = 1EB7DE0E2765AC0600C50317 /* AppDelegate.swift */; };
		1EB7DE112765AC0600C50317 /* SceneDelegate.swift in Sources */ = {isa = PBXBuildFile; fileRef = 1EB7DE102765AC0600C50317 /* SceneDelegate.swift */; };
		1EB7DE132765AC0600C50317 /* FirstViewController.swift in Sources */ = {isa = PBXBuildFile; fileRef = 1EB7DE122765AC0600C50317 /* FirstViewController.swift */; };
		1EB7DE182765AC3A00C50317 /* Assets.xcassets in Resources */ = {isa = PBXBuildFile; fileRef = 1EB7DE172765AC3A00C50317 /* Assets.xcassets */; };
		1EB7DE1B2765AC3A00C50317 /* LaunchScreen.storyboard in Resources */ = {isa = PBXBuildFile; fileRef = 1EB7DE192765AC3A00C50317 /* LaunchScreen.storyboard */; };
		1EB7DE242765AEEA00C50317 /* FirstView.swift in Sources */ = {isa = PBXBuildFile; fileRef = 1EB7DE232765AEEA00C50317 /* FirstView.swift */; };
		1EB7DE272765AF4600C50317 /* FirstModel.swift in Sources */ = {isa = PBXBuildFile; fileRef = 1EB7DE262765AF4600C50317 /* FirstModel.swift */; };
		1EB7DE2A2765C17C00C50317 /* PictureTableViewCell.swift in Sources */ = {isa = PBXBuildFile; fileRef = 1EB7DE292765C17C00C50317 /* PictureTableViewCell.swift */; };
/* End PBXBuildFile section */

/* Begin PBXFileReference section */
		1EB7DE0B2765AC0600C50317 /* PictureLoader.app */ = {isa = PBXFileReference; explicitFileType = wrapper.application; includeInIndex = 0; path = PictureLoader.app; sourceTree = BUILT_PRODUCTS_DIR; };
		1EB7DE0E2765AC0600C50317 /* AppDelegate.swift */ = {isa = PBXFileReference; lastKnownFileType = sourcecode.swift; path = AppDelegate.swift; sourceTree = "<group>"; };
		1EB7DE102765AC0600C50317 /* SceneDelegate.swift */ = {isa = PBXFileReference; lastKnownFileType = sourcecode.swift; path = SceneDelegate.swift; sourceTree = "<group>"; };
		1EB7DE122765AC0600C50317 /* FirstViewController.swift */ = {isa = PBXFileReference; lastKnownFileType = sourcecode.swift; path = FirstViewController.swift; sourceTree = "<group>"; };
		1EB7DE172765AC3A00C50317 /* Assets.xcassets */ = {isa = PBXFileReference; lastKnownFileType = folder.assetcatalog; path = Assets.xcassets; sourceTree = "<group>"; };
		1EB7DE1A2765AC3A00C50317 /* Base */ = {isa = PBXFileReference; lastKnownFileType = file.storyboard; name = Base; path = Base.lproj/LaunchScreen.storyboard; sourceTree = "<group>"; };
		1EB7DE1C2765AC3A00C50317 /* Info.plist */ = {isa = PBXFileReference; lastKnownFileType = text.plist.xml; path = Info.plist; sourceTree = "<group>"; };
		1EB7DE232765AEEA00C50317 /* FirstView.swift */ = {isa = PBXFileReference; lastKnownFileType = sourcecode.swift; path = FirstView.swift; sourceTree = "<group>"; };
		1EB7DE262765AF4600C50317 /* FirstModel.swift */ = {isa = PBXFileReference; lastKnownFileType = sourcecode.swift; path = FirstModel.swift; sourceTree = "<group>"; };
		1EB7DE292765C17C00C50317 /* PictureTableViewCell.swift */ = {isa = PBXFileReference; lastKnownFileType = sourcecode.swift; path = PictureTableViewCell.swift; sourceTree = "<group>"; };
/* End PBXFileReference section */

/* Begin PBXFrameworksBuildPhase section */
		1EB7DE082765AC0600C50317 /* Frameworks */ = {
			isa = PBXFrameworksBuildPhase;
			buildActionMask = 2147483647;
			files = (
			);
			runOnlyForDeploymentPostprocessing = 0;
		};
/* End PBXFrameworksBuildPhase section */

/* Begin PBXGroup section */
		1EB7DE022765AC0600C50317 = {
			isa = PBXGroup;
			children = (
				1EB7DE0D2765AC0600C50317 /* PictureLoader */,
				1EB7DE0C2765AC0600C50317 /* Products */,
			);
			sourceTree = "<group>";
		};
		1EB7DE0C2765AC0600C50317 /* Products */ = {
			isa = PBXGroup;
			children = (
				1EB7DE0B2765AC0600C50317 /* PictureLoader.app */,
			);
			name = Products;
			sourceTree = "<group>";
		};
		1EB7DE0D2765AC0600C50317 /* PictureLoader */ = {
			isa = PBXGroup;
			children = (
				1EB7DE0E2765AC0600C50317 /* AppDelegate.swift */,
				1EB7DE102765AC0600C50317 /* SceneDelegate.swift */,
				1EB7DE282765AF4D00C50317 /* Model */,
				1EB7DE252765AF2600C50317 /* View */,
				1EB7DE222765AEB300C50317 /* Controller */,
				1EB7DE172765AC3A00C50317 /* Assets.xcassets */,
				1EB7DE192765AC3A00C50317 /* LaunchScreen.storyboard */,
				1EB7DE1C2765AC3A00C50317 /* Info.plist */,
			);
			path = PictureLoader;
			sourceTree = "<group>";
		};
		1EB7DE222765AEB300C50317 /* Controller */ = {
			isa = PBXGroup;
			children = (
				1EB7DE122765AC0600C50317 /* FirstViewController.swift */,
			);
			path = Controller;
			sourceTree = "<group>";
		};
		1EB7DE252765AF2600C50317 /* View */ = {
			isa = PBXGroup;
			children = (
				1EB7DE232765AEEA00C50317 /* FirstView.swift */,
				1EB7DE292765C17C00C50317 /* PictureTableViewCell.swift */,
			);
			path = View;
			sourceTree = "<group>";
		};
		1EB7DE282765AF4D00C50317 /* Model */ = {
			isa = PBXGroup;
			children = (
				1EB7DE262765AF4600C50317 /* FirstModel.swift */,
			);
			path = Model;
			sourceTree = "<group>";
		};
/* End PBXGroup section */

/* Begin PBXNativeTarget section */
		1EB7DE0A2765AC0600C50317 /* PictureLoader */ = {
			isa = PBXNativeTarget;
			buildConfigurationList = 1EB7DE1F2765AC3A00C50317 /* Build configuration list for PBXNativeTarget "PictureLoader" */;
			buildPhases = (
				1EB7DE072765AC0600C50317 /* Sources */,
				1EB7DE082765AC0600C50317 /* Frameworks */,
				1EB7DE092765AC0600C50317 /* Resources */,
			);
			buildRules = (
			);
			dependencies = (
			);
			name = PictureLoader;
			productName = PictureLoader;
			productReference = 1EB7DE0B2765AC0600C50317 /* PictureLoader.app */;
			productType = "com.apple.product-type.application";
		};
/* End PBXNativeTarget section */

/* Begin PBXProject section */
		1EB7DE032765AC0600C50317 /* Project object */ = {
			isa = PBXProject;
			attributes = {
				BuildIndependentTargetsInParallel = 1;
				LastSwiftUpdateCheck = 1310;
				LastUpgradeCheck = 1310;
				TargetAttributes = {
					1EB7DE0A2765AC0600C50317 = {
						CreatedOnToolsVersion = 13.1;
					};
				};
			};
			buildConfigurationList = 1EB7DE062765AC0600C50317 /* Build configuration list for PBXProject "PictureLoader" */;
			compatibilityVersion = "Xcode 13.0";
			developmentRegion = en;
			hasScannedForEncodings = 0;
			knownRegions = (
				en,
				Base,
			);
			mainGroup = 1EB7DE022765AC0600C50317;
			productRefGroup = 1EB7DE0C2765AC0600C50317 /* Products */;
			projectDirPath = "";
			projectRoot = "";
			targets = (
				1EB7DE0A2765AC0600C50317 /* PictureLoader */,
			);
		};
/* End PBXProject section */

/* Begin PBXResourcesBuildPhase section */
		1EB7DE092765AC0600C50317 /* Resources */ = {
			isa = PBXResourcesBuildPhase;
			buildActionMask = 2147483647;
			files = (
				1EB7DE1B2765AC3A00C50317 /* LaunchScreen.storyboard in Resources */,
				1EB7DE182765AC3A00C50317 /* Assets.xcassets in Resources */,
			);
			runOnlyForDeploymentPostprocessing = 0;
		};
/* End PBXResourcesBuildPhase section */

/* Begin PBXSourcesBuildPhase section */
		1EB7DE072765AC0600C50317 /* Sources */ = {
			isa = PBXSourcesBuildPhase;
			buildActionMask = 2147483647;
			files = (
				1EB7DE132765AC0600C50317 /* FirstViewController.swift in Sources */,
				1EB7DE272765AF4600C50317 /* FirstModel.swift in Sources */,
				1EB7DE2A2765C17C00C50317 /* PictureTableViewCell.swift in Sources */,
				1EB7DE242765AEEA00C50317 /* FirstView.swift in Sources */,
				1EB7DE0F2765AC0600C50317 /* AppDelegate.swift in Sources */,
				1EB7DE112765AC0600C50317 /* SceneDelegate.swift in Sources */,
			);
			runOnlyForDeploymentPostprocessing = 0;
		};
/* End PBXSourcesBuildPhase section */

/* Begin PBXVariantGroup section */
		1EB7DE192765AC3A00C50317 /* LaunchScreen.storyboard */ = {
			isa = PBXVariantGroup;
			children = (
				1EB7DE1A2765AC3A00C50317 /* Base */,
			);
			name = LaunchScreen.storyboard;
			sourceTree = "<group>";
		};
/* End PBXVariantGroup section */

/* Begin XCBuildConfiguration section */
		1EB7DE1D2765AC3A00C50317 /* Debug */ = {
			isa = XCBuildConfiguration;
			buildSettings = {
				ALWAYS_SEARCH_USER_PATHS = NO;
				CLANG_ANALYZER_NONNULL = YES;
				CLANG_ANALYZER_NUMBER_OBJECT_CONVERSION = YES_AGGRESSIVE;
				CLANG_CXX_LANGUAGE_STANDARD = "gnu++17";
				CLANG_CXX_LIBRARY = "libc++";
				CLANG_ENABLE_MODULES = YES;
				CLANG_ENABLE_OBJC_ARC = YES;
				CLANG_ENABLE_OBJC_WEAK = YES;
				CLANG_WARN_BLOCK_CAPTURE_AUTORELEASING = YES;
				CLANG_WARN_BOOL_CONVERSION = YES;
				CLANG_WARN_COMMA = YES;
				CLANG_WARN_CONSTANT_CONVERSION = YES;
				CLANG_WARN_DEPRECATED_OBJC_IMPLEMENTATIONS = YES;
				CLANG_WARN_DIRECT_OBJC_ISA_USAGE = YES_ERROR;
				CLANG_WARN_DOCUMENTATION_COMMENTS = YES;
				CLANG_WARN_EMPTY_BODY = YES;
				CLANG_WARN_ENUM_CONVERSION = YES;
				CLANG_WARN_INFINITE_RECURSION = YES;
				CLANG_WARN_INT_CONVERSION = YES;
				CLANG_WARN_NON_LITERAL_NULL_CONVERSION = YES;
				CLANG_WARN_OBJC_IMPLICIT_RETAIN_SELF = YES;
				CLANG_WARN_OBJC_LITERAL_CONVERSION = YES;
				CLANG_WARN_OBJC_ROOT_CLASS = YES_ERROR;
				CLANG_WARN_QUOTED_INCLUDE_IN_FRAMEWORK_HEADER = YES;
				CLANG_WARN_RANGE_LOOP_ANALYSIS = YES;
				CLANG_WARN_STRICT_PROTOTYPES = YES;
				CLANG_WARN_SUSPICIOUS_MOVE = YES;
				CLANG_WARN_UNGUARDED_AVAILABILITY = YES_AGGRESSIVE;
				CLANG_WARN_UNREACHABLE_CODE = YES;
				CLANG_WARN__DUPLICATE_METHOD_MATCH = YES;
				COPY_PHASE_STRIP = NO;
				DEBUG_INFORMATION_FORMAT = dwarf;
				ENABLE_STRICT_OBJC_MSGSEND = YES;
				ENABLE_TESTABILITY = YES;
				GCC_C_LANGUAGE_STANDARD = gnu11;
				GCC_DYNAMIC_NO_PIC = NO;
				GCC_NO_COMMON_BLOCKS = YES;
				GCC_OPTIMIZATION_LEVEL = 0;
				GCC_PREPROCESSOR_DEFINITIONS = (
					"DEBUG=1",
					"$(inherited)",
				);
				GCC_WARN_64_TO_32_BIT_CONVERSION = YES;
				GCC_WARN_ABOUT_RETURN_TYPE = YES_ERROR;
				GCC_WARN_UNDECLARED_SELECTOR = YES;
				GCC_WARN_UNINITIALIZED_AUTOS = YES_AGGRESSIVE;
				GCC_WARN_UNUSED_FUNCTION = YES;
				GCC_WARN_UNUSED_VARIABLE = YES;
				IPHONEOS_DEPLOYMENT_TARGET = 15.0;
				MTL_ENABLE_DEBUG_INFO = INCLUDE_SOURCE;
				MTL_FAST_MATH = YES;
				ONLY_ACTIVE_ARCH = YES;
				SDKROOT = iphoneos;
				SWIFT_ACTIVE_COMPILATION_CONDITIONS = DEBUG;
				SWIFT_OPTIMIZATION_LEVEL = "-Onone";
			};
			name = Debug;
		};
		1EB7DE1E2765AC3A00C50317 /* Release */ = {
			isa = XCBuildConfiguration;
			buildSettings = {
				ALWAYS_SEARCH_USER_PATHS = NO;
				CLANG_ANALYZER_NONNULL = YES;
				CLANG_ANALYZER_NUMBER_OBJECT_CONVERSION = YES_AGGRESSIVE;
				CLANG_CXX_LANGUAGE_STANDARD = "gnu++17";
				CLANG_CXX_LIBRARY = "libc++";
				CLANG_ENABLE_MODULES = YES;
				CLANG_ENABLE_OBJC_ARC = YES;
				CLANG_ENABLE_OBJC_WEAK = YES;
				CLANG_WARN_BLOCK_CAPTURE_AUTORELEASING = YES;
				CLANG_WARN_BOOL_CONVERSION = YES;
				CLANG_WARN_COMMA = YES;
				CLANG_WARN_CONSTANT_CONVERSION = YES;
				CLANG_WARN_DEPRECATED_OBJC_IMPLEMENTATIONS = YES;
				CLANG_WARN_DIRECT_OBJC_ISA_USAGE = YES_ERROR;
				CLANG_WARN_DOCUMENTATION_COMMENTS = YES;
				CLANG_WARN_EMPTY_BODY = YES;
				CLANG_WARN_ENUM_CONVERSION = YES;
				CLANG_WARN_INFINITE_RECURSION = YES;
				CLANG_WARN_INT_CONVERSION = YES;
				CLANG_WARN_NON_LITERAL_NULL_CONVERSION = YES;
				CLANG_WARN_OBJC_IMPLICIT_RETAIN_SELF = YES;
				CLANG_WARN_OBJC_LITERAL_CONVERSION = YES;
				CLANG_WARN_OBJC_ROOT_CLASS = YES_ERROR;
				CLANG_WARN_QUOTED_INCLUDE_IN_FRAMEWORK_HEADER = YES;
				CLANG_WARN_RANGE_LOOP_ANALYSIS = YES;
				CLANG_WARN_STRICT_PROTOTYPES = YES;
				CLANG_WARN_SUSPICIOUS_MOVE = YES;
				CLANG_WARN_UNGUARDED_AVAILABILITY = YES_AGGRESSIVE;
				CLANG_WARN_UNREACHABLE_CODE = YES;
				CLANG_WARN__DUPLICATE_METHOD_MATCH = YES;
				COPY_PHASE_STRIP = NO;
				DEBUG_INFORMATION_FORMAT = "dwarf-with-dsym";
				ENABLE_NS_ASSERTIONS = NO;
				ENABLE_STRICT_OBJC_MSGSEND = YES;
				GCC_C_LANGUAGE_STANDARD = gnu11;
				GCC_NO_COMMON_BLOCKS = YES;
				GCC_WARN_64_TO_32_BIT_CONVERSION = YES;
				GCC_WARN_ABOUT_RETURN_TYPE = YES_ERROR;
				GCC_WARN_UNDECLARED_SELECTOR = YES;
				GCC_WARN_UNINITIALIZED_AUTOS = YES_AGGRESSIVE;
				GCC_WARN_UNUSED_FUNCTION = YES;
				GCC_WARN_UNUSED_VARIABLE = YES;
				IPHONEOS_DEPLOYMENT_TARGET = 15.0;
				MTL_ENABLE_DEBUG_INFO = NO;
				MTL_FAST_MATH = YES;
				SDKROOT = iphoneos;
				SWIFT_COMPILATION_MODE = wholemodule;
				SWIFT_OPTIMIZATION_LEVEL = "-O";
				VALIDATE_PRODUCT = YES;
			};
			name = Release;
		};
		1EB7DE202765AC3A00C50317 /* Debug */ = {
			isa = XCBuildConfiguration;
			buildSettings = {
				ASSETCATALOG_COMPILER_APPICON_NAME = AppIcon;
				ASSETCATALOG_COMPILER_GLOBAL_ACCENT_COLOR_NAME = AccentColor;
				CODE_SIGN_STYLE = Automatic;
				CURRENT_PROJECT_VERSION = 1;
				GENERATE_INFOPLIST_FILE = YES;
				INFOPLIST_FILE = PictureLoader/Info.plist;
				INFOPLIST_KEY_UIApplicationSupportsIndirectInputEvents = YES;
				INFOPLIST_KEY_UILaunchStoryboardName = LaunchScreen;
				INFOPLIST_KEY_UISupportedInterfaceOrientations_iPad = "UIInterfaceOrientationPortrait UIInterfaceOrientationPortraitUpsideDown UIInterfaceOrientationLandscapeLeft UIInterfaceOrientationLandscapeRight";
				INFOPLIST_KEY_UISupportedInterfaceOrientations_iPhone = "UIInterfaceOrientationPortrait UIInterfaceOrientationLandscapeLeft UIInterfaceOrientationLandscapeRight";
				LD_RUNPATH_SEARCH_PATHS = (
					"$(inherited)",
					"@executable_path/Frameworks",
				);
				MARKETING_VERSION = 1.0;
				PRODUCT_BUNDLE_IDENTIFIER = com.gwg.PictureLoader;
				PRODUCT_NAME = "$(TARGET_NAME)";
				SWIFT_EMIT_LOC_STRINGS = YES;
				SWIFT_VERSION = 5.0;
				TARGETED_DEVICE_FAMILY = "1,2";
			};
			name = Debug;
		};
		1EB7DE212765AC3A00C50317 /* Release */ = {
			isa = XCBuildConfiguration;
			buildSettings = {
				ASSETCATALOG_COMPILER_APPICON_NAME = AppIcon;
				ASSETCATALOG_COMPILER_GLOBAL_ACCENT_COLOR_NAME = AccentColor;
				CODE_SIGN_STYLE = Automatic;
				CURRENT_PROJECT_VERSION = 1;
				GENERATE_INFOPLIST_FILE = YES;
				INFOPLIST_FILE = PictureLoader/Info.plist;
				INFOPLIST_KEY_UIApplicationSupportsIndirectInputEvents = YES;
				INFOPLIST_KEY_UILaunchStoryboardName = LaunchScreen;
				INFOPLIST_KEY_UISupportedInterfaceOrientations_iPad = "UIInterfaceOrientationPortrait UIInterfaceOrientationPortraitUpsideDown UIInterfaceOrientationLandscapeLeft UIInterfaceOrientationLandscapeRight";
				INFOPLIST_KEY_UISupportedInterfaceOrientations_iPhone = "UIInterfaceOrientationPortrait UIInterfaceOrientationLandscapeLeft UIInterfaceOrientationLandscapeRight";
				LD_RUNPATH_SEARCH_PATHS = (
					"$(inherited)",
					"@executable_path/Frameworks",
				);
				MARKETING_VERSION = 1.0;
				PRODUCT_BUNDLE_IDENTIFIER = com.gwg.PictureLoader;
				PRODUCT_NAME = "$(TARGET_NAME)";
				SWIFT_EMIT_LOC_STRINGS = YES;
				SWIFT_VERSION = 5.0;
				TARGETED_DEVICE_FAMILY = "1,2";
			};
			name = Release;
		};
/* End XCBuildConfiguration section */

/* Begin XCConfigurationList section */
		1EB7DE062765AC0600C50317 /* Build configuration list for PBXProject "PictureLoader" */ = {
			isa = XCConfigurationList;
			buildConfigurations = (
				1EB7DE1D2765AC3A00C50317 /* Debug */,
				1EB7DE1E2765AC3A00C50317 /* Release */,
			);
			defaultConfigurationIsVisible = 0;
			defaultConfigurationName = Release;
		};
		1EB7DE1F2765AC3A00C50317 /* Build configuration list for PBXNativeTarget "PictureLoader" */ = {
			isa = XCConfigurationList;
			buildConfigurations = (
				1EB7DE202765AC3A00C50317 /* Debug */,
				1EB7DE212765AC3A00C50317 /* Release */,
			);
			defaultConfigurationIsVisible = 0;
			defaultConfigurationName = Release;
		};
/* End XCConfigurationList section */
	};
	rootObject = 1EB7DE032765AC0600C50317 /* Project object */;
}
