// !$*UTF8*$!
{
	archiveVersion = 1;
	classes = {
	};
	objectVersion = 50;
	objects = {

/* Begin PBXBuildFile section */
		1E7E2F34273FDD340014AB9F /* AppDelegate.swift in Sources */ = {isa = PBXBuildFile; fileRef = 1E7E2F33273FDD340014AB9F /* AppDelegate.swift */; };
		1E7E2F36273FDD340014AB9F /* SceneDelegate.swift in Sources */ = {isa = PBXBuildFile; fileRef = 1E7E2F35273FDD340014AB9F /* SceneDelegate.swift */; };
		1E7E2F38273FDD340014AB9F /* MainInfoViewController.swift in Sources */ = {isa = PBXBuildFile; fileRef = 1E7E2F37273FDD340014AB9F /* MainInfoViewController.swift */; };
		1E7E2F3D273FDD460014AB9F /* Assets.xcassets in Resources */ = {isa = PBXBuildFile; fileRef = 1E7E2F3C273FDD460014AB9F /* Assets.xcassets */; };
		1E7E2F40273FDD460014AB9F /* LaunchScreen.storyboard in Resources */ = {isa = PBXBuildFile; fileRef = 1E7E2F3E273FDD460014AB9F /* LaunchScreen.storyboard */; };
		1E7E2F4B273FDFBB0014AB9F /* ExperienceViewController.swift in Sources */ = {isa = PBXBuildFile; fileRef = 1E7E2F4A273FDFBB0014AB9F /* ExperienceViewController.swift */; };
		1E7E2F4F273FDFD90014AB9F /* HobbyViewController.swift in Sources */ = {isa = PBXBuildFile; fileRef = 1E7E2F4E273FDFD90014AB9F /* HobbyViewController.swift */; };
		1E7E2F55273FE2850014AB9F /* UserProfile.swift in Sources */ = {isa = PBXBuildFile; fileRef = 1E7E2F54273FE2850014AB9F /* UserProfile.swift */; };
		1ED87C42274356D50096F8F2 /* TabBarControllerGenerator.swift in Sources */ = {isa = PBXBuildFile; fileRef = 1ED87C41274356D50096F8F2 /* TabBarControllerGenerator.swift */; };
/* End PBXBuildFile section */

/* Begin PBXFileReference section */
		1E7E2F30273FDD340014AB9F /* myCV.app */ = {isa = PBXFileReference; explicitFileType = wrapper.application; includeInIndex = 0; path = myCV.app; sourceTree = BUILT_PRODUCTS_DIR; };
		1E7E2F33273FDD340014AB9F /* AppDelegate.swift */ = {isa = PBXFileReference; lastKnownFileType = sourcecode.swift; path = AppDelegate.swift; sourceTree = "<group>"; };
		1E7E2F35273FDD340014AB9F /* SceneDelegate.swift */ = {isa = PBXFileReference; lastKnownFileType = sourcecode.swift; path = SceneDelegate.swift; sourceTree = "<group>"; };
		1E7E2F37273FDD340014AB9F /* MainInfoViewController.swift */ = {isa = PBXFileReference; lastKnownFileType = sourcecode.swift; path = MainInfoViewController.swift; sourceTree = "<group>"; };
		1E7E2F3C273FDD460014AB9F /* Assets.xcassets */ = {isa = PBXFileReference; lastKnownFileType = folder.assetcatalog; path = Assets.xcassets; sourceTree = "<group>"; };
		1E7E2F3F273FDD460014AB9F /* Base */ = {isa = PBXFileReference; lastKnownFileType = file.storyboard; name = Base; path = Base.lproj/LaunchScreen.storyboard; sourceTree = "<group>"; };
		1E7E2F41273FDD460014AB9F /* Info.plist */ = {isa = PBXFileReference; lastKnownFileType = text.plist.xml; path = Info.plist; sourceTree = "<group>"; };
		1E7E2F4A273FDFBB0014AB9F /* ExperienceViewController.swift */ = {isa = PBXFileReference; lastKnownFileType = sourcecode.swift; path = ExperienceViewController.swift; sourceTree = "<group>"; };
		1E7E2F4E273FDFD90014AB9F /* HobbyViewController.swift */ = {isa = PBXFileReference; lastKnownFileType = sourcecode.swift; path = HobbyViewController.swift; sourceTree = "<group>"; };
		1E7E2F54273FE2850014AB9F /* UserProfile.swift */ = {isa = PBXFileReference; lastKnownFileType = sourcecode.swift; path = UserProfile.swift; sourceTree = "<group>"; };
		1ED87C41274356D50096F8F2 /* TabBarControllerGenerator.swift */ = {isa = PBXFileReference; lastKnownFileType = sourcecode.swift; path = TabBarControllerGenerator.swift; sourceTree = "<group>"; };
/* End PBXFileReference section */

/* Begin PBXFrameworksBuildPhase section */
		1E7E2F2D273FDD340014AB9F /* Frameworks */ = {
			isa = PBXFrameworksBuildPhase;
			buildActionMask = 2147483647;
			files = (
			);
			runOnlyForDeploymentPostprocessing = 0;
		};
/* End PBXFrameworksBuildPhase section */

/* Begin PBXGroup section */
		1E7E2F27273FDD340014AB9F = {
			isa = PBXGroup;
			children = (
				1E7E2F32273FDD340014AB9F /* myCV */,
				1E7E2F31273FDD340014AB9F /* Products */,
			);
			sourceTree = "<group>";
		};
		1E7E2F31273FDD340014AB9F /* Products */ = {
			isa = PBXGroup;
			children = (
				1E7E2F30273FDD340014AB9F /* myCV.app */,
			);
			name = Products;
			sourceTree = "<group>";
		};
		1E7E2F32273FDD340014AB9F /* myCV */ = {
			isa = PBXGroup;
			children = (
				1E7E2F33273FDD340014AB9F /* AppDelegate.swift */,
				1E7E2F35273FDD340014AB9F /* SceneDelegate.swift */,
				1ED87C44274356E40096F8F2 /* Utilites */,
				1E7E2F57273FE28E0014AB9F /* Model */,
				1E7E2F52273FDFEC0014AB9F /* Controller */,
				1E7E2F3C273FDD460014AB9F /* Assets.xcassets */,
				1E7E2F3E273FDD460014AB9F /* LaunchScreen.storyboard */,
				1E7E2F41273FDD460014AB9F /* Info.plist */,
			);
			path = myCV;
			sourceTree = "<group>";
		};
		1E7E2F52273FDFEC0014AB9F /* Controller */ = {
			isa = PBXGroup;
			children = (
				1E7E2F37273FDD340014AB9F /* MainInfoViewController.swift */,
				1E7E2F4A273FDFBB0014AB9F /* ExperienceViewController.swift */,
				1E7E2F4E273FDFD90014AB9F /* HobbyViewController.swift */,
			);
			path = Controller;
			sourceTree = "<group>";
		};
		1E7E2F57273FE28E0014AB9F /* Model */ = {
			isa = PBXGroup;
			children = (
				1E7E2F54273FE2850014AB9F /* UserProfile.swift */,
			);
			path = Model;
			sourceTree = "<group>";
		};
		1ED87C44274356E40096F8F2 /* Utilites */ = {
			isa = PBXGroup;
			children = (
				1ED87C41274356D50096F8F2 /* TabBarControllerGenerator.swift */,
			);
			path = Utilites;
			sourceTree = "<group>";
		};
/* End PBXGroup section */

/* Begin PBXNativeTarget section */
		1E7E2F2F273FDD340014AB9F /* myCV */ = {
			isa = PBXNativeTarget;
			buildConfigurationList = 1E7E2F44273FDD460014AB9F /* Build configuration list for PBXNativeTarget "myCV" */;
			buildPhases = (
				1E7E2F2C273FDD340014AB9F /* Sources */,
				1E7E2F2D273FDD340014AB9F /* Frameworks */,
				1E7E2F2E273FDD340014AB9F /* Resources */,
			);
			buildRules = (
			);
			dependencies = (
			);
			name = myCV;
			productName = myCV;
			productReference = 1E7E2F30273FDD340014AB9F /* myCV.app */;
			productType = "com.apple.product-type.application";
		};
/* End PBXNativeTarget section */

/* Begin PBXProject section */
		1E7E2F28273FDD340014AB9F /* Project object */ = {
			isa = PBXProject;
			attributes = {
				LastSwiftUpdateCheck = 1220;
				LastUpgradeCheck = 1220;
				TargetAttributes = {
					1E7E2F2F273FDD340014AB9F = {
						CreatedOnToolsVersion = 12.2;
					};
				};
			};
			buildConfigurationList = 1E7E2F2B273FDD340014AB9F /* Build configuration list for PBXProject "myCV" */;
			compatibilityVersion = "Xcode 9.3";
			developmentRegion = en;
			hasScannedForEncodings = 0;
			knownRegions = (
				en,
				Base,
			);
			mainGroup = 1E7E2F27273FDD340014AB9F;
			productRefGroup = 1E7E2F31273FDD340014AB9F /* Products */;
			projectDirPath = "";
			projectRoot = "";
			targets = (
				1E7E2F2F273FDD340014AB9F /* myCV */,
			);
		};
/* End PBXProject section */

/* Begin PBXResourcesBuildPhase section */
		1E7E2F2E273FDD340014AB9F /* Resources */ = {
			isa = PBXResourcesBuildPhase;
			buildActionMask = 2147483647;
			files = (
				1E7E2F40273FDD460014AB9F /* LaunchScreen.storyboard in Resources */,
				1E7E2F3D273FDD460014AB9F /* Assets.xcassets in Resources */,
			);
			runOnlyForDeploymentPostprocessing = 0;
		};
/* End PBXResourcesBuildPhase section */

/* Begin PBXSourcesBuildPhase section */
		1E7E2F2C273FDD340014AB9F /* Sources */ = {
			isa = PBXSourcesBuildPhase;
			buildActionMask = 2147483647;
			files = (
				1E7E2F4B273FDFBB0014AB9F /* ExperienceViewController.swift in Sources */,
				1E7E2F38273FDD340014AB9F /* MainInfoViewController.swift in Sources */,
				1E7E2F55273FE2850014AB9F /* UserProfile.swift in Sources */,
				1E7E2F4F273FDFD90014AB9F /* HobbyViewController.swift in Sources */,
				1E7E2F34273FDD340014AB9F /* AppDelegate.swift in Sources */,
				1ED87C42274356D50096F8F2 /* TabBarControllerGenerator.swift in Sources */,
				1E7E2F36273FDD340014AB9F /* SceneDelegate.swift in Sources */,
			);
			runOnlyForDeploymentPostprocessing = 0;
		};
/* End PBXSourcesBuildPhase section */

/* Begin PBXVariantGroup section */
		1E7E2F3E273FDD460014AB9F /* LaunchScreen.storyboard */ = {
			isa = PBXVariantGroup;
			children = (
				1E7E2F3F273FDD460014AB9F /* Base */,
			);
			name = LaunchScreen.storyboard;
			sourceTree = "<group>";
		};
/* End PBXVariantGroup section */

/* Begin XCBuildConfiguration section */
		1E7E2F42273FDD460014AB9F /* Debug */ = {
			isa = XCBuildConfiguration;
			buildSettings = {
				ALWAYS_SEARCH_USER_PATHS = NO;
				CLANG_ANALYZER_NONNULL = YES;
				CLANG_ANALYZER_NUMBER_OBJECT_CONVERSION = YES_AGGRESSIVE;
				CLANG_CXX_LANGUAGE_STANDARD = "gnu++14";
				CLANG_CXX_LIBRARY = "libc++";
				CLANG_ENABLE_MODULES = YES;
				CLANG_ENABLE_OBJC_ARC = YES;
				CLANG_ENABLE_OBJC_WEAK = YES;
				CLANG_WARN_BLOCK_CAPTURE_AUTORELEASING = YES;
				CLANG_WARN_BOOL_CONVERSION = YES;
				CLANG_WARN_COMMA = YES;
				CLANG_WARN_CONSTANT_CONVERSION = YES;
				CLANG_WARN_DEPRECATED_OBJC_IMPLEMENTATIONS = YES;
				CLANG_WARN_DIRECT_OBJC_ISA_USAGE = YES_ERROR;
				CLANG_WARN_DOCUMENTATION_COMMENTS = YES;
				CLANG_WARN_EMPTY_BODY = YES;
				CLANG_WARN_ENUM_CONVERSION = YES;
				CLANG_WARN_INFINITE_RECURSION = YES;
				CLANG_WARN_INT_CONVERSION = YES;
				CLANG_WARN_NON_LITERAL_NULL_CONVERSION = YES;
				CLANG_WARN_OBJC_IMPLICIT_RETAIN_SELF = YES;
				CLANG_WARN_OBJC_LITERAL_CONVERSION = YES;
				CLANG_WARN_OBJC_ROOT_CLASS = YES_ERROR;
				CLANG_WARN_QUOTED_INCLUDE_IN_FRAMEWORK_HEADER = YES;
				CLANG_WARN_RANGE_LOOP_ANALYSIS = YES;
				CLANG_WARN_STRICT_PROTOTYPES = YES;
				CLANG_WARN_SUSPICIOUS_MOVE = YES;
				CLANG_WARN_UNGUARDED_AVAILABILITY = YES_AGGRESSIVE;
				CLANG_WARN_UNREACHABLE_CODE = YES;
				CLANG_WARN__DUPLICATE_METHOD_MATCH = YES;
				COPY_PHASE_STRIP = NO;
				DEBUG_INFORMATION_FORMAT = dwarf;
				ENABLE_STRICT_OBJC_MSGSEND = YES;
				ENABLE_TESTABILITY = YES;
				GCC_C_LANGUAGE_STANDARD = gnu11;
				GCC_DYNAMIC_NO_PIC = NO;
				GCC_NO_COMMON_BLOCKS = YES;
				GCC_OPTIMIZATION_LEVEL = 0;
				GCC_PREPROCESSOR_DEFINITIONS = (
					"DEBUG=1",
					"$(inherited)",
				);
				GCC_WARN_64_TO_32_BIT_CONVERSION = YES;
				GCC_WARN_ABOUT_RETURN_TYPE = YES_ERROR;
				GCC_WARN_UNDECLARED_SELECTOR = YES;
				GCC_WARN_UNINITIALIZED_AUTOS = YES_AGGRESSIVE;
				GCC_WARN_UNUSED_FUNCTION = YES;
				GCC_WARN_UNUSED_VARIABLE = YES;
				IPHONEOS_DEPLOYMENT_TARGET = 14.2;
				MTL_ENABLE_DEBUG_INFO = INCLUDE_SOURCE;
				MTL_FAST_MATH = YES;
				ONLY_ACTIVE_ARCH = YES;
				SDKROOT = iphoneos;
				SWIFT_ACTIVE_COMPILATION_CONDITIONS = DEBUG;
				SWIFT_OPTIMIZATION_LEVEL = "-Onone";
			};
			name = Debug;
		};
		1E7E2F43273FDD460014AB9F /* Release */ = {
			isa = XCBuildConfiguration;
			buildSettings = {
				ALWAYS_SEARCH_USER_PATHS = NO;
				CLANG_ANALYZER_NONNULL = YES;
				CLANG_ANALYZER_NUMBER_OBJECT_CONVERSION = YES_AGGRESSIVE;
				CLANG_CXX_LANGUAGE_STANDARD = "gnu++14";
				CLANG_CXX_LIBRARY = "libc++";
				CLANG_ENABLE_MODULES = YES;
				CLANG_ENABLE_OBJC_ARC = YES;
				CLANG_ENABLE_OBJC_WEAK = YES;
				CLANG_WARN_BLOCK_CAPTURE_AUTORELEASING = YES;
				CLANG_WARN_BOOL_CONVERSION = YES;
				CLANG_WARN_COMMA = YES;
				CLANG_WARN_CONSTANT_CONVERSION = YES;
				CLANG_WARN_DEPRECATED_OBJC_IMPLEMENTATIONS = YES;
				CLANG_WARN_DIRECT_OBJC_ISA_USAGE = YES_ERROR;
				CLANG_WARN_DOCUMENTATION_COMMENTS = YES;
				CLANG_WARN_EMPTY_BODY = YES;
				CLANG_WARN_ENUM_CONVERSION = YES;
				CLANG_WARN_INFINITE_RECURSION = YES;
				CLANG_WARN_INT_CONVERSION = YES;
				CLANG_WARN_NON_LITERAL_NULL_CONVERSION = YES;
				CLANG_WARN_OBJC_IMPLICIT_RETAIN_SELF = YES;
				CLANG_WARN_OBJC_LITERAL_CONVERSION = YES;
				CLANG_WARN_OBJC_ROOT_CLASS = YES_ERROR;
				CLANG_WARN_QUOTED_INCLUDE_IN_FRAMEWORK_HEADER = YES;
				CLANG_WARN_RANGE_LOOP_ANALYSIS = YES;
				CLANG_WARN_STRICT_PROTOTYPES = YES;
				CLANG_WARN_SUSPICIOUS_MOVE = YES;
				CLANG_WARN_UNGUARDED_AVAILABILITY = YES_AGGRESSIVE;
				CLANG_WARN_UNREACHABLE_CODE = YES;
				CLANG_WARN__DUPLICATE_METHOD_MATCH = YES;
				COPY_PHASE_STRIP = NO;
				DEBUG_INFORMATION_FORMAT = "dwarf-with-dsym";
				ENABLE_NS_ASSERTIONS = NO;
				ENABLE_STRICT_OBJC_MSGSEND = YES;
				GCC_C_LANGUAGE_STANDARD = gnu11;
				GCC_NO_COMMON_BLOCKS = YES;
				GCC_WARN_64_TO_32_BIT_CONVERSION = YES;
				GCC_WARN_ABOUT_RETURN_TYPE = YES_ERROR;
				GCC_WARN_UNDECLARED_SELECTOR = YES;
				GCC_WARN_UNINITIALIZED_AUTOS = YES_AGGRESSIVE;
				GCC_WARN_UNUSED_FUNCTION = YES;
				GCC_WARN_UNUSED_VARIABLE = YES;
				IPHONEOS_DEPLOYMENT_TARGET = 14.2;
				MTL_ENABLE_DEBUG_INFO = NO;
				MTL_FAST_MATH = YES;
				SDKROOT = iphoneos;
				SWIFT_COMPILATION_MODE = wholemodule;
				SWIFT_OPTIMIZATION_LEVEL = "-O";
				VALIDATE_PRODUCT = YES;
			};
			name = Release;
		};
		1E7E2F45273FDD460014AB9F /* Debug */ = {
			isa = XCBuildConfiguration;
			buildSettings = {
				ASSETCATALOG_COMPILER_APPICON_NAME = AppIcon;
				ASSETCATALOG_COMPILER_GLOBAL_ACCENT_COLOR_NAME = AccentColor;
				CODE_SIGN_STYLE = Automatic;
				INFOPLIST_FILE = myCV/Info.plist;
				LD_RUNPATH_SEARCH_PATHS = (
					"$(inherited)",
					"@executable_path/Frameworks",
				);
				PRODUCT_BUNDLE_IDENTIFIER = com.gwg.myCV;
				PRODUCT_NAME = "$(TARGET_NAME)";
				SWIFT_VERSION = 5.0;
				TARGETED_DEVICE_FAMILY = "1,2";
			};
			name = Debug;
		};
		1E7E2F46273FDD460014AB9F /* Release */ = {
			isa = XCBuildConfiguration;
			buildSettings = {
				ASSETCATALOG_COMPILER_APPICON_NAME = AppIcon;
				ASSETCATALOG_COMPILER_GLOBAL_ACCENT_COLOR_NAME = AccentColor;
				CODE_SIGN_STYLE = Automatic;
				INFOPLIST_FILE = myCV/Info.plist;
				LD_RUNPATH_SEARCH_PATHS = (
					"$(inherited)",
					"@executable_path/Frameworks",
				);
				PRODUCT_BUNDLE_IDENTIFIER = com.gwg.myCV;
				PRODUCT_NAME = "$(TARGET_NAME)";
				SWIFT_VERSION = 5.0;
				TARGETED_DEVICE_FAMILY = "1,2";
			};
			name = Release;
		};
/* End XCBuildConfiguration section */

/* Begin XCConfigurationList section */
		1E7E2F2B273FDD340014AB9F /* Build configuration list for PBXProject "myCV" */ = {
			isa = XCConfigurationList;
			buildConfigurations = (
				1E7E2F42273FDD460014AB9F /* Debug */,
				1E7E2F43273FDD460014AB9F /* Release */,
			);
			defaultConfigurationIsVisible = 0;
			defaultConfigurationName = Release;
		};
		1E7E2F44273FDD460014AB9F /* Build configuration list for PBXNativeTarget "myCV" */ = {
			isa = XCConfigurationList;
			buildConfigurations = (
				1E7E2F45273FDD460014AB9F /* Debug */,
				1E7E2F46273FDD460014AB9F /* Release */,
			);
			defaultConfigurationIsVisible = 0;
			defaultConfigurationName = Release;
		};
/* End XCConfigurationList section */
	};
	rootObject = 1E7E2F28273FDD340014AB9F /* Project object */;
}
